
Microsoft Visual Studio Solution File, Format Version 12.00
# Visual Studio 15
VisualStudioVersion = 15.0.27703.2042
MinimumVisualStudioVersion = 10.0.40219.1
Project("{FAE04EC0-301F-11D3-BF4B-00C04F79EFBC}") = "CommerceV3", "CommerceV3\CommerceV3.csproj", "{98031898-1F71-41A2-82E2-D02C5645A19B}"
EndProject
Global
	GlobalSection(SolutionConfigurationPlatforms) = preSolution
		Debug|Any CPU = Debug|Any CPU
		Release|Any CPU = Release|Any CPU
	EndGlobalSection
	GlobalSection(ProjectConfigurationPlatforms) = postSolution
		{98031898-1F71-41A2-82E2-D02C5645A19B}.Debug|Any CPU.ActiveCfg = Debug|Any CPU
		{98031898-1F71-41A2-82E2-D02C5645A19B}.Debug|Any CPU.Build.0 = Debug|Any CPU
		{98031898-1F71-41A2-82E2-D02C5645A19B}.Release|Any CPU.ActiveCfg = Release|Any CPU
		{98031898-1F71-41A2-82E2-D02C5645A19B}.Release|Any CPU.Build.0 = Release|Any CPU
	EndGlobalSection
	GlobalSection(SolutionProperties) = preSolution
		HideSolutionNode = FALSE
	EndGlobalSection
	GlobalSection(ExtensibilityGlobals) = postSolution
		SolutionGuid = {52BDA3F8-28BB-4E5D-8985-DACC2578F0AE}
	EndGlobalSection
EndGlobal
